
Microsoft Visual Studio Solution File, Format Version 12.00
# Visual Studio Version 17
VisualStudioVersion = 17.13.35825.156
MinimumVisualStudioVersion = 10.0.40219.1
Project("{9A19103F-16F7-4668-BE54-9A1E7A4F7556}") = "MyVaultKeep", "MyVaultKeep\MyVaultKeep.csproj", "{F90D3FC9-34D7-400F-9F2C-4AE76058E0B6}"
EndProject
Project("{9A19103F-16F7-4668-BE54-9A1E7A4F7556}") = "Functions_BusinessLogic", "Functions\Functions_BusinessLogic.csproj", "{51DC888F-E5C2-4C56-9BA9-C8C8C9AD76F7}"
EndProject
Project("{FAE04EC0-301F-11D3-BF4B-00C04F79EFBC}") = "Functions_DataLogic", "Functions_DataLogic\Functions_DataLogic.csproj", "{F83F9E37-18E7-4364-9206-7B31E136250C}"
EndProject
Project("{FAE04EC0-301F-11D3-BF4B-00C04F79EFBC}") = "MyVaultCommon", "MyVaultCommon\MyVaultCommon.csproj", "{7CF2E910-FC5F-4FDA-BEAB-38ECE621E95C}"
EndProject
Project("{FAE04EC0-301F-11D3-BF4B-00C04F79EFBC}") = "MyVaultKeepForms", "MyVaultKeepForms\MyVaultKeepForms.csproj", "{EDB9D32D-CC05-4564-AABE-88644D4DBD98}"
EndProject
Global
	GlobalSection(SolutionConfigurationPlatforms) = preSolution
		Debug|Any CPU = Debug|Any CPU
		Release|Any CPU = Release|Any CPU
	EndGlobalSection
	GlobalSection(ProjectConfigurationPlatforms) = postSolution
		{F90D3FC9-34D7-400F-9F2C-4AE76058E0B6}.Debug|Any CPU.ActiveCfg = Debug|Any CPU
		{F90D3FC9-34D7-400F-9F2C-4AE76058E0B6}.Debug|Any CPU.Build.0 = Debug|Any CPU
		{F90D3FC9-34D7-400F-9F2C-4AE76058E0B6}.Release|Any CPU.ActiveCfg = Release|Any CPU
		{F90D3FC9-34D7-400F-9F2C-4AE76058E0B6}.Release|Any CPU.Build.0 = Release|Any CPU
		{51DC888F-E5C2-4C56-9BA9-C8C8C9AD76F7}.Debug|Any CPU.ActiveCfg = Debug|Any CPU
		{51DC888F-E5C2-4C56-9BA9-C8C8C9AD76F7}.Debug|Any CPU.Build.0 = Debug|Any CPU
		{51DC888F-E5C2-4C56-9BA9-C8C8C9AD76F7}.Release|Any CPU.ActiveCfg = Release|Any CPU
		{51DC888F-E5C2-4C56-9BA9-C8C8C9AD76F7}.Release|Any CPU.Build.0 = Release|Any CPU
		{F83F9E37-18E7-4364-9206-7B31E136250C}.Debug|Any CPU.ActiveCfg = Debug|Any CPU
		{F83F9E37-18E7-4364-9206-7B31E136250C}.Debug|Any CPU.Build.0 = Debug|Any CPU
		{F83F9E37-18E7-4364-9206-7B31E136250C}.Release|Any CPU.ActiveCfg = Release|Any CPU
		{F83F9E37-18E7-4364-9206-7B31E136250C}.Release|Any CPU.Build.0 = Release|Any CPU
		{7CF2E910-FC5F-4FDA-BEAB-38ECE621E95C}.Debug|Any CPU.ActiveCfg = Debug|Any CPU
		{7CF2E910-FC5F-4FDA-BEAB-38ECE621E95C}.Debug|Any CPU.Build.0 = Debug|Any CPU
		{7CF2E910-FC5F-4FDA-BEAB-38ECE621E95C}.Release|Any CPU.ActiveCfg = Release|Any CPU
		{7CF2E910-FC5F-4FDA-BEAB-38ECE621E95C}.Release|Any CPU.Build.0 = Release|Any CPU
		{EDB9D32D-CC05-4564-AABE-88644D4DBD98}.Debug|Any CPU.ActiveCfg = Debug|Any CPU
		{EDB9D32D-CC05-4564-AABE-88644D4DBD98}.Debug|Any CPU.Build.0 = Debug|Any CPU
		{EDB9D32D-CC05-4564-AABE-88644D4DBD98}.Release|Any CPU.ActiveCfg = Release|Any CPU
		{EDB9D32D-CC05-4564-AABE-88644D4DBD98}.Release|Any CPU.Build.0 = Release|Any CPU
	EndGlobalSection
	GlobalSection(SolutionProperties) = preSolution
		HideSolutionNode = FALSE
	EndGlobalSection
	GlobalSection(ExtensibilityGlobals) = postSolution
		SolutionGuid = {C4E6CE1E-D87F-448C-9906-654E028277E0}
	EndGlobalSection
EndGlobal
